PODS:
  - Capacitor (8.3.0):
    - CapacitorCordova
  - CapacitorCordova (8.3.0)
  - CapacitorPreferences (8.0.1):
    - Capacitor
  - CapacitorSplashScreen (8.0.1):
    - Capacitor

DEPENDENCIES:
  - "Capacitor (from `../../../../node_modules/.bun/@capacitor+ios@8.3.0+db0c1b46371b240c/node_modules/@capacitor/ios`)"
  - "CapacitorCordova (from `../../../../node_modules/.bun/@capacitor+ios@8.3.0+db0c1b46371b240c/node_modules/@capacitor/ios`)"
  - "CapacitorPreferences (from `../../../../node_modules/.bun/@capacitor+preferences@8.0.1+db0c1b46371b240c/node_modules/@capacitor/preferences`)"
  - "CapacitorSplashScreen (from `../../../../node_modules/.bun/@capacitor+splash-screen@8.0.1+db0c1b46371b240c/node_modules/@capacitor/splash-screen`)"

EXTERNAL SOURCES:
  Capacitor:
    :path: "../../../../node_modules/.bun/@capacitor+ios@8.3.0+db0c1b46371b240c/node_modules/@capacitor/ios"
  CapacitorCordova:
    :path: "../../../../node_modules/.bun/@capacitor+ios@8.3.0+db0c1b46371b240c/node_modules/@capacitor/ios"
  CapacitorPreferences:
    :path: "../../../../node_modules/.bun/@capacitor+preferences@8.0.1+db0c1b46371b240c/node_modules/@capacitor/preferences"
  CapacitorSplashScreen:
    :path: "../../../../node_modules/.bun/@capacitor+splash-screen@8.0.1+db0c1b46371b240c/node_modules/@capacitor/splash-screen"

SPEC CHECKSUMS:
  Capacitor: 22e541237135648c9aa736232bb4d2eec35fddcb
  CapacitorCordova: 2e1e2bb93b2f365309dc4ff18b72b9a69a7814a9
  CapacitorPreferences: cca2021f386efb75947c850334447d9ff22b14f1
  CapacitorSplashScreen: 4b46c72298db552b3c57ce021ef028b6dc7f1fa7

PODFILE CHECKSUM: 66b372a027071e9a3d06bededd4df788cbcd7dc8

COCOAPODS: 1.16.2
